{
  "name": "mock-fs-sample",
  "version": "1.0.0",
  "lockfileVersion": 1,
  "dependencies": {
    "mock-fs": {
      "version": "4.4.1",
      "resolved": "https://registry.npmjs.org/mock-fs/-/mock-fs-4.4.1.tgz",
      "integrity": "sha512-C8aapOvl77Bs18WCkejdLuX2kX8DaqaJ7ZmqUmX9U6HD2g31Pd0tZfNBAEVulmJWKyzUIyutrtxiIoNdXLAYsw==",
      "dev": true
    }
  }
}
